// !$*UTF8*$!
{
	archiveVersion = 1;
	classes = {
	};
	objectVersion = 46;
	objects = {

/* Begin PBXBuildFile section */
		D309E2911C1EB0ED00596CB0 /* AppDelegate.swift in Sources */ = {isa = PBXBuildFile; fileRef = D309E2901C1EB0ED00596CB0 /* AppDelegate.swift */; };
		D309E2931C1EB0ED00596CB0 /* CountdownViewController.swift in Sources */ = {isa = PBXBuildFile; fileRef = D309E2921C1EB0ED00596CB0 /* CountdownViewController.swift */; };
		D309E2951C1EB0ED00596CB0 /* AnnouncementsViewController.swift in Sources */ = {isa = PBXBuildFile; fileRef = D309E2941C1EB0ED00596CB0 /* AnnouncementsViewController.swift */; };
		D309E2981C1EB0EE00596CB0 /* Main.storyboard in Resources */ = {isa = PBXBuildFile; fileRef = D309E2961C1EB0EE00596CB0 /* Main.storyboard */; };
		D309E29A1C1EB0EE00596CB0 /* Assets.xcassets in Resources */ = {isa = PBXBuildFile; fileRef = D309E2991C1EB0EE00596CB0 /* Assets.xcassets */; };
		D309E29D1C1EB0EE00596CB0 /* LaunchScreen.storyboard in Resources */ = {isa = PBXBuildFile; fileRef = D309E29B1C1EB0EE00596CB0 /* LaunchScreen.storyboard */; };
		D309E2AD1C1EB23D00596CB0 /* AudioToolbox.framework in Frameworks */ = {isa = PBXBuildFile; fileRef = D309E2AC1C1EB23D00596CB0 /* AudioToolbox.framework */; };
		D309E2AF1C1EB24200596CB0 /* CFNetwork.framework in Frameworks */ = {isa = PBXBuildFile; fileRef = D309E2AE1C1EB24200596CB0 /* CFNetwork.framework */; };
		D309E2B11C1EB24900596CB0 /* CoreGraphics.framework in Frameworks */ = {isa = PBXBuildFile; fileRef = D309E2B01C1EB24900596CB0 /* CoreGraphics.framework */; };
		D309E2B31C1EB24E00596CB0 /* CoreLocation.framework in Frameworks */ = {isa = PBXBuildFile; fileRef = D309E2B21C1EB24E00596CB0 /* CoreLocation.framework */; };
		D309E2B51C1EB25300596CB0 /* QuartzCore.framework in Frameworks */ = {isa = PBXBuildFile; fileRef = D309E2B41C1EB25300596CB0 /* QuartzCore.framework */; };
		D309E2B71C1EB25700596CB0 /* Security.framework in Frameworks */ = {isa = PBXBuildFile; fileRef = D309E2B61C1EB25700596CB0 /* Security.framework */; };
		D309E2B91C1EB25C00596CB0 /* StoreKit.framework in Frameworks */ = {isa = PBXBuildFile; fileRef = D309E2B81C1EB25C00596CB0 /* StoreKit.framework */; };
		D309E2BB1C1EB26200596CB0 /* SystemConfiguration.framework in Frameworks */ = {isa = PBXBuildFile; fileRef = D309E2BA1C1EB26200596CB0 /* SystemConfiguration.framework */; };
		D309E2BD1C1EB26600596CB0 /* libz.tbd in Frameworks */ = {isa = PBXBuildFile; fileRef = D309E2BC1C1EB26600596CB0 /* libz.tbd */; };
		D309E2BF1C1EB26B00596CB0 /* libsqlite3.tbd in Frameworks */ = {isa = PBXBuildFile; fileRef = D309E2BE1C1EB26B00596CB0 /* libsqlite3.tbd */; };
		D31AE1A71C2A450E00875E8F /* Raleway-Bold.ttf in Resources */ = {isa = PBXBuildFile; fileRef = D31AE19E1C2A450E00875E8F /* Raleway-Bold.ttf */; };
		D31AE1A81C2A450E00875E8F /* Raleway-ExtraBold.ttf in Resources */ = {isa = PBXBuildFile; fileRef = D31AE19F1C2A450E00875E8F /* Raleway-ExtraBold.ttf */; };
		D31AE1A91C2A450E00875E8F /* Raleway-ExtraLight.ttf in Resources */ = {isa = PBXBuildFile; fileRef = D31AE1A01C2A450E00875E8F /* Raleway-ExtraLight.ttf */; };
		D31AE1AA1C2A450E00875E8F /* Raleway-Heavy.ttf in Resources */ = {isa = PBXBuildFile; fileRef = D31AE1A11C2A450E00875E8F /* Raleway-Heavy.ttf */; };
		D31AE1AB1C2A450E00875E8F /* Raleway-Light.ttf in Resources */ = {isa = PBXBuildFile; fileRef = D31AE1A21C2A450E00875E8F /* Raleway-Light.ttf */; };
		D31AE1AC1C2A450E00875E8F /* Raleway-Medium.ttf in Resources */ = {isa = PBXBuildFile; fileRef = D31AE1A31C2A450E00875E8F /* Raleway-Medium.ttf */; };
		D31AE1AD1C2A450E00875E8F /* Raleway-Regular.ttf in Resources */ = {isa = PBXBuildFile; fileRef = D31AE1A41C2A450E00875E8F /* Raleway-Regular.ttf */; };
		D31AE1AE1C2A450E00875E8F /* Raleway-SemiBold.ttf in Resources */ = {isa = PBXBuildFile; fileRef = D31AE1A51C2A450E00875E8F /* Raleway-SemiBold.ttf */; };
		D31AE1AF1C2A450E00875E8F /* Raleway-Thin.ttf in Resources */ = {isa = PBXBuildFile; fileRef = D31AE1A61C2A450E00875E8F /* Raleway-Thin.ttf */; };
		D31AE1CD1C2A463900875E8F /* orange.png in Resources */ = {isa = PBXBuildFile; fileRef = D31AE1C31C2A463900875E8F /* orange.png */; };
		D31AE1CE1C2A463900875E8F /* transparent.png in Resources */ = {isa = PBXBuildFile; fileRef = D31AE1C41C2A463900875E8F /* transparent.png */; };
		D31AE1CF1C2A463900875E8F /* Hacktech.png in Resources */ = {isa = PBXBuildFile; fileRef = D31AE1C61C2A463900875E8F /* Hacktech.png */; };
		D31AE1D01C2A463900875E8F /* logo.png in Resources */ = {isa = PBXBuildFile; fileRef = D31AE1C71C2A463900875E8F /* logo.png */; };
		D31AE1D11C2A463900875E8F /* appointment_reminders.png in Resources */ = {isa = PBXBuildFile; fileRef = D31AE1C91C2A463900875E8F /* appointment_reminders.png */; };
		D31AE1D21C2A463900875E8F /* calendar.png in Resources */ = {isa = PBXBuildFile; fileRef = D31AE1CA1C2A463900875E8F /* calendar.png */; };
		D31AE1D31C2A463900875E8F /* organization.png in Resources */ = {isa = PBXBuildFile; fileRef = D31AE1CB1C2A463900875E8F /* organization.png */; };
		D31AE1D41C2A463900875E8F /* timer.png in Resources */ = {isa = PBXBuildFile; fileRef = D31AE1CC1C2A463900875E8F /* timer.png */; };
		D31AE1DE1C2A47EC00875E8F /* MapViewController.swift in Sources */ = {isa = PBXBuildFile; fileRef = D31AE1DD1C2A47EC00875E8F /* MapViewController.swift */; };
		D31AE1E01C2A492A00875E8F /* location.png in Resources */ = {isa = PBXBuildFile; fileRef = D31AE1DF1C2A492A00875E8F /* location.png */; };
		D31AE1E21C2A51AC00875E8F /* Font+MonospacedDigits.swift in Sources */ = {isa = PBXBuildFile; fileRef = D31AE1E11C2A51AC00875E8F /* Font+MonospacedDigits.swift */; };
		D33FF81D1C1FB56100015FEC /* ScheduleViewController.swift in Sources */ = {isa = PBXBuildFile; fileRef = D33FF81C1C1FB56100015FEC /* ScheduleViewController.swift */; };
		D33FF81F1C1FB58700015FEC /* SponsorsViewController.swift in Sources */ = {isa = PBXBuildFile; fileRef = D33FF81E1C1FB58700015FEC /* SponsorsViewController.swift */; };
		D385A0821C293943005D175C /* Bolts.framework in Frameworks */ = {isa = PBXBuildFile; fileRef = D385A0801C293943005D175C /* Bolts.framework */; };
		D385A0831C293944005D175C /* Parse.framework in Frameworks */ = {isa = PBXBuildFile; fileRef = D385A0811C293943005D175C /* Parse.framework */; };
		D3D3FB0B1C290D4E00D3A15B /* TabBarController.swift in Sources */ = {isa = PBXBuildFile; fileRef = D3D3FB0A1C290D4E00D3A15B /* TabBarController.swift */; };
		D3D3FB211C29389B00D3A15B /* KDCircularProgress.swift in Sources */ = {isa = PBXBuildFile; fileRef = D3D3FB201C29389B00D3A15B /* KDCircularProgress.swift */; };
/* End PBXBuildFile section */

/* Begin PBXFileReference section */
		D309E28D1C1EB0ED00596CB0 /* Hacktech.app */ = {isa = PBXFileReference; explicitFileType = wrapper.application; includeInIndex = 0; path = Hacktech.app; sourceTree = BUILT_PRODUCTS_DIR; };
		D309E2901C1EB0ED00596CB0 /* AppDelegate.swift */ = {isa = PBXFileReference; lastKnownFileType = sourcecode.swift; path = AppDelegate.swift; sourceTree = "<group>"; };
		D309E2921C1EB0ED00596CB0 /* CountdownViewController.swift */ = {isa = PBXFileReference; lastKnownFileType = sourcecode.swift; path = CountdownViewController.swift; sourceTree = "<group>"; };
		D309E2941C1EB0ED00596CB0 /* AnnouncementsViewController.swift */ = {isa = PBXFileReference; lastKnownFileType = sourcecode.swift; path = AnnouncementsViewController.swift; sourceTree = "<group>"; };
		D309E2971C1EB0EE00596CB0 /* Base */ = {isa = PBXFileReference; lastKnownFileType = file.storyboard; name = Base; path = Base.lproj/Main.storyboard; sourceTree = "<group>"; };
		D309E2991C1EB0EE00596CB0 /* Assets.xcassets */ = {isa = PBXFileReference; lastKnownFileType = folder.assetcatalog; path = Assets.xcassets; sourceTree = "<group>"; };
		D309E29C1C1EB0EE00596CB0 /* Base */ = {isa = PBXFileReference; lastKnownFileType = file.storyboard; name = Base; path = Base.lproj/LaunchScreen.storyboard; sourceTree = "<group>"; };
		D309E29E1C1EB0EE00596CB0 /* Info.plist */ = {isa = PBXFileReference; lastKnownFileType = text.plist.xml; path = Info.plist; sourceTree = "<group>"; };
		D309E2AC1C1EB23D00596CB0 /* AudioToolbox.framework */ = {isa = PBXFileReference; lastKnownFileType = wrapper.framework; name = AudioToolbox.framework; path = System/Library/Frameworks/AudioToolbox.framework; sourceTree = SDKROOT; };
		D309E2AE1C1EB24200596CB0 /* CFNetwork.framework */ = {isa = PBXFileReference; lastKnownFileType = wrapper.framework; name = CFNetwork.framework; path = System/Library/Frameworks/CFNetwork.framework; sourceTree = SDKROOT; };
		D309E2B01C1EB24900596CB0 /* CoreGraphics.framework */ = {isa = PBXFileReference; lastKnownFileType = wrapper.framework; name = CoreGraphics.framework; path = System/Library/Frameworks/CoreGraphics.framework; sourceTree = SDKROOT; };
		D309E2B21C1EB24E00596CB0 /* CoreLocation.framework */ = {isa = PBXFileReference; lastKnownFileType = wrapper.framework; name = CoreLocation.framework; path = System/Library/Frameworks/CoreLocation.framework; sourceTree = SDKROOT; };
		D309E2B41C1EB25300596CB0 /* QuartzCore.framework */ = {isa = PBXFileReference; lastKnownFileType = wrapper.framework; name = QuartzCore.framework; path = System/Library/Frameworks/QuartzCore.framework; sourceTree = SDKROOT; };
		D309E2B61C1EB25700596CB0 /* Security.framework */ = {isa = PBXFileReference; lastKnownFileType = wrapper.framework; name = Security.framework; path = System/Library/Frameworks/Security.framework; sourceTree = SDKROOT; };
		D309E2B81C1EB25C00596CB0 /* StoreKit.framework */ = {isa = PBXFileReference; lastKnownFileType = wrapper.framework; name = StoreKit.framework; path = System/Library/Frameworks/StoreKit.framework; sourceTree = SDKROOT; };
		D309E2BA1C1EB26200596CB0 /* SystemConfiguration.framework */ = {isa = PBXFileReference; lastKnownFileType = wrapper.framework; name = SystemConfiguration.framework; path = System/Library/Frameworks/SystemConfiguration.framework; sourceTree = SDKROOT; };
		D309E2BC1C1EB26600596CB0 /* libz.tbd */ = {isa = PBXFileReference; lastKnownFileType = "sourcecode.text-based-dylib-definition"; name = libz.tbd; path = usr/lib/libz.tbd; sourceTree = SDKROOT; };
		D309E2BE1C1EB26B00596CB0 /* libsqlite3.tbd */ = {isa = PBXFileReference; lastKnownFileType = "sourcecode.text-based-dylib-definition"; name = libsqlite3.tbd; path = usr/lib/libsqlite3.tbd; sourceTree = SDKROOT; };
		D31AE19E1C2A450E00875E8F /* Raleway-Bold.ttf */ = {isa = PBXFileReference; lastKnownFileType = file; path = "Raleway-Bold.ttf"; sourceTree = "<group>"; };
		D31AE19F1C2A450E00875E8F /* Raleway-ExtraBold.ttf */ = {isa = PBXFileReference; lastKnownFileType = file; path = "Raleway-ExtraBold.ttf"; sourceTree = "<group>"; };
		D31AE1A01C2A450E00875E8F /* Raleway-ExtraLight.ttf */ = {isa = PBXFileReference; lastKnownFileType = file; path = "Raleway-ExtraLight.ttf"; sourceTree = "<group>"; };
		D31AE1A11C2A450E00875E8F /* Raleway-Heavy.ttf */ = {isa = PBXFileReference; lastKnownFileType = file; path = "Raleway-Heavy.ttf"; sourceTree = "<group>"; };
		D31AE1A21C2A450E00875E8F /* Raleway-Light.ttf */ = {isa = PBXFileReference; lastKnownFileType = file; path = "Raleway-Light.ttf"; sourceTree = "<group>"; };
		D31AE1A31C2A450E00875E8F /* Raleway-Medium.ttf */ = {isa = PBXFileReference; lastKnownFileType = file; path = "Raleway-Medium.ttf"; sourceTree = "<group>"; };
		D31AE1A41C2A450E00875E8F /* Raleway-Regular.ttf */ = {isa = PBXFileReference; lastKnownFileType = file; path = "Raleway-Regular.ttf"; sourceTree = "<group>"; };
		D31AE1A51C2A450E00875E8F /* Raleway-SemiBold.ttf */ = {isa = PBXFileReference; lastKnownFileType = file; path = "Raleway-SemiBold.ttf"; sourceTree = "<group>"; };
		D31AE1A61C2A450E00875E8F /* Raleway-Thin.ttf */ = {isa = PBXFileReference; lastKnownFileType = file; path = "Raleway-Thin.ttf"; sourceTree = "<group>"; };
		D31AE1C31C2A463900875E8F /* orange.png */ = {isa = PBXFileReference; lastKnownFileType = image.png; path = orange.png; sourceTree = "<group>"; };
		D31AE1C41C2A463900875E8F /* transparent.png */ = {isa = PBXFileReference; lastKnownFileType = image.png; path = transparent.png; sourceTree = "<group>"; };
		D31AE1C61C2A463900875E8F /* Hacktech.png */ = {isa = PBXFileReference; lastKnownFileType = image.png; path = Hacktech.png; sourceTree = "<group>"; };
		D31AE1C71C2A463900875E8F /* logo.png */ = {isa = PBXFileReference; lastKnownFileType = image.png; path = logo.png; sourceTree = "<group>"; };
		D31AE1C91C2A463900875E8F /* appointment_reminders.png */ = {isa = PBXFileReference; lastKnownFileType = image.png; path = appointment_reminders.png; sourceTree = "<group>"; };
		D31AE1CA1C2A463900875E8F /* calendar.png */ = {isa = PBXFileReference; lastKnownFileType = image.png; path = calendar.png; sourceTree = "<group>"; };
		D31AE1CB1C2A463900875E8F /* organization.png */ = {isa = PBXFileReference; lastKnownFileType = image.png; path = organization.png; sourceTree = "<group>"; };
		D31AE1CC1C2A463900875E8F /* timer.png */ = {isa = PBXFileReference; lastKnownFileType = image.png; path = timer.png; sourceTree = "<group>"; };
		D31AE1DD1C2A47EC00875E8F /* MapViewController.swift */ = {isa = PBXFileReference; fileEncoding = 4; lastKnownFileType = sourcecode.swift; path = MapViewController.swift; sourceTree = "<group>"; };
		D31AE1DF1C2A492A00875E8F /* location.png */ = {isa = PBXFileReference; lastKnownFileType = image.png; path = location.png; sourceTree = "<group>"; };
		D31AE1E11C2A51AC00875E8F /* Font+MonospacedDigits.swift */ = {isa = PBXFileReference; fileEncoding = 4; lastKnownFileType = sourcecode.swift; path = "Font+MonospacedDigits.swift"; sourceTree = "<group>"; };
		D33FF81C1C1FB56100015FEC /* ScheduleViewController.swift */ = {isa = PBXFileReference; fileEncoding = 4; lastKnownFileType = sourcecode.swift; path = ScheduleViewController.swift; sourceTree = "<group>"; };
		D33FF81E1C1FB58700015FEC /* SponsorsViewController.swift */ = {isa = PBXFileReference; fileEncoding = 4; lastKnownFileType = sourcecode.swift; path = SponsorsViewController.swift; sourceTree = "<group>"; };
		D385A0801C293943005D175C /* Bolts.framework */ = {isa = PBXFileReference; lastKnownFileType = wrapper.framework; path = Bolts.framework; sourceTree = "<group>"; };
		D385A0811C293943005D175C /* Parse.framework */ = {isa = PBXFileReference; lastKnownFileType = wrapper.framework; path = Parse.framework; sourceTree = "<group>"; };
		D3D3FB0A1C290D4E00D3A15B /* TabBarController.swift */ = {isa = PBXFileReference; fileEncoding = 4; lastKnownFileType = sourcecode.swift; path = TabBarController.swift; sourceTree = "<group>"; };
		D3D3FB201C29389B00D3A15B /* KDCircularProgress.swift */ = {isa = PBXFileReference; fileEncoding = 4; lastKnownFileType = sourcecode.swift; path = KDCircularProgress.swift; sourceTree = "<group>"; };
/* End PBXFileReference section */

/* Begin PBXFrameworksBuildPhase section */
		D309E28A1C1EB0ED00596CB0 /* Frameworks */ = {
			isa = PBXFrameworksBuildPhase;
			buildActionMask = 2147483647;
			files = (
				D309E2BF1C1EB26B00596CB0 /* libsqlite3.tbd in Frameworks */,
				D309E2BD1C1EB26600596CB0 /* libz.tbd in Frameworks */,
				D309E2BB1C1EB26200596CB0 /* SystemConfiguration.framework in Frameworks */,
				D309E2B91C1EB25C00596CB0 /* StoreKit.framework in Frameworks */,
				D309E2B71C1EB25700596CB0 /* Security.framework in Frameworks */,
				D309E2B51C1EB25300596CB0 /* QuartzCore.framework in Frameworks */,
				D309E2B31C1EB24E00596CB0 /* CoreLocation.framework in Frameworks */,
				D309E2B11C1EB24900596CB0 /* CoreGraphics.framework in Frameworks */,
				D385A0821C293943005D175C /* Bolts.framework in Frameworks */,
				D309E2AF1C1EB24200596CB0 /* CFNetwork.framework in Frameworks */,
				D385A0831C293944005D175C /* Parse.framework in Frameworks */,
				D309E2AD1C1EB23D00596CB0 /* AudioToolbox.framework in Frameworks */,
			);
			runOnlyForDeploymentPostprocessing = 0;
		};
/* End PBXFrameworksBuildPhase section */

/* Begin PBXGroup section */
		D309E2841C1EB0ED00596CB0 = {
			isa = PBXGroup;
			children = (
				D309E2BE1C1EB26B00596CB0 /* libsqlite3.tbd */,
				D309E2BC1C1EB26600596CB0 /* libz.tbd */,
				D309E2BA1C1EB26200596CB0 /* SystemConfiguration.framework */,
				D309E2B81C1EB25C00596CB0 /* StoreKit.framework */,
				D309E2B61C1EB25700596CB0 /* Security.framework */,
				D309E2B41C1EB25300596CB0 /* QuartzCore.framework */,
				D309E2B21C1EB24E00596CB0 /* CoreLocation.framework */,
				D309E2B01C1EB24900596CB0 /* CoreGraphics.framework */,
				D309E2AE1C1EB24200596CB0 /* CFNetwork.framework */,
				D309E2AC1C1EB23D00596CB0 /* AudioToolbox.framework */,
				D309E28F1C1EB0ED00596CB0 /* Hacktech */,
				D309E28E1C1EB0ED00596CB0 /* Products */,
			);
			sourceTree = "<group>";
		};
		D309E28E1C1EB0ED00596CB0 /* Products */ = {
			isa = PBXGroup;
			children = (
				D309E28D1C1EB0ED00596CB0 /* Hacktech.app */,
			);
			name = Products;
			sourceTree = "<group>";
		};
		D309E28F1C1EB0ED00596CB0 /* Hacktech */ = {
			isa = PBXGroup;
			children = (
				D31AE1C11C2A463900875E8F /* Images */,
				D31AE19C1C2A450E00875E8F /* Fonts */,
				D385A0801C293943005D175C /* Bolts.framework */,
				D385A0811C293943005D175C /* Parse.framework */,
				D309E2961C1EB0EE00596CB0 /* Main.storyboard */,
				D309E29B1C1EB0EE00596CB0 /* LaunchScreen.storyboard */,
				D309E2921C1EB0ED00596CB0 /* CountdownViewController.swift */,
				D31AE1DD1C2A47EC00875E8F /* MapViewController.swift */,
				D309E2941C1EB0ED00596CB0 /* AnnouncementsViewController.swift */,
				D33FF81C1C1FB56100015FEC /* ScheduleViewController.swift */,
				D33FF81E1C1FB58700015FEC /* SponsorsViewController.swift */,
				D3D3FB0A1C290D4E00D3A15B /* TabBarController.swift */,
				D309E2901C1EB0ED00596CB0 /* AppDelegate.swift */,
				D31AE1E31C2A51BA00875E8F /* Libraries */,
				D309E2991C1EB0EE00596CB0 /* Assets.xcassets */,
				D309E29E1C1EB0EE00596CB0 /* Info.plist */,
			);
			path = Hacktech;
			sourceTree = "<group>";
		};
		D31AE19C1C2A450E00875E8F /* Fonts */ = {
			isa = PBXGroup;
			children = (
				D31AE19D1C2A450E00875E8F /* Raleway */,
			);
			path = Fonts;
			sourceTree = "<group>";
		};
		D31AE19D1C2A450E00875E8F /* Raleway */ = {
			isa = PBXGroup;
			children = (
				D31AE19E1C2A450E00875E8F /* Raleway-Bold.ttf */,
				D31AE19F1C2A450E00875E8F /* Raleway-ExtraBold.ttf */,
				D31AE1A01C2A450E00875E8F /* Raleway-ExtraLight.ttf */,
				D31AE1A11C2A450E00875E8F /* Raleway-Heavy.ttf */,
				D31AE1A21C2A450E00875E8F /* Raleway-Light.ttf */,
				D31AE1A31C2A450E00875E8F /* Raleway-Medium.ttf */,
				D31AE1A41C2A450E00875E8F /* Raleway-Regular.ttf */,
				D31AE1A51C2A450E00875E8F /* Raleway-SemiBold.ttf */,
				D31AE1A61C2A450E00875E8F /* Raleway-Thin.ttf */,
			);
			path = Raleway;
			sourceTree = "<group>";
		};
		D31AE1C11C2A463900875E8F /* Images */ = {
			isa = PBXGroup;
			children = (
				D31AE1C21C2A463900875E8F /* Colors */,
				D31AE1C51C2A463900875E8F /* Logos */,
				D31AE1C81C2A463900875E8F /* Tab Icons */,
			);
			path = Images;
			sourceTree = "<group>";
		};
		D31AE1C21C2A463900875E8F /* Colors */ = {
			isa = PBXGroup;
			children = (
				D31AE1C31C2A463900875E8F /* orange.png */,
				D31AE1C41C2A463900875E8F /* transparent.png */,
			);
			path = Colors;
			sourceTree = "<group>";
		};
		D31AE1C51C2A463900875E8F /* Logos */ = {
			isa = PBXGroup;
			children = (
				D31AE1C61C2A463900875E8F /* Hacktech.png */,
				D31AE1C71C2A463900875E8F /* logo.png */,
			);
			path = Logos;
			sourceTree = "<group>";
		};
		D31AE1C81C2A463900875E8F /* Tab Icons */ = {
			isa = PBXGroup;
			children = (
				D31AE1C91C2A463900875E8F /* appointment_reminders.png */,
				D31AE1CA1C2A463900875E8F /* calendar.png */,
				D31AE1CB1C2A463900875E8F /* organization.png */,
				D31AE1CC1C2A463900875E8F /* timer.png */,
				D31AE1DF1C2A492A00875E8F /* location.png */,
			);
			path = "Tab Icons";
			sourceTree = "<group>";
		};
		D31AE1E31C2A51BA00875E8F /* Libraries */ = {
			isa = PBXGroup;
			children = (
				D3D3FB201C29389B00D3A15B /* KDCircularProgress.swift */,
				D31AE1E11C2A51AC00875E8F /* Font+MonospacedDigits.swift */,
			);
			name = Libraries;
			sourceTree = "<group>";
		};
/* End PBXGroup section */

/* Begin PBXNativeTarget section */
		D309E28C1C1EB0ED00596CB0 /* Hacktech */ = {
			isa = PBXNativeTarget;
			buildConfigurationList = D309E2A11C1EB0EE00596CB0 /* Build configuration list for PBXNativeTarget "Hacktech" */;
			buildPhases = (
				D309E2891C1EB0ED00596CB0 /* Sources */,
				D309E28A1C1EB0ED00596CB0 /* Frameworks */,
				D309E28B1C1EB0ED00596CB0 /* Resources */,
			);
			buildRules = (
			);
			dependencies = (
			);
			name = Hacktech;
			productName = Hacktech;
			productReference = D309E28D1C1EB0ED00596CB0 /* Hacktech.app */;
			productType = "com.apple.product-type.application";
		};
/* End PBXNativeTarget section */

/* Begin PBXProject section */
		D309E2851C1EB0ED00596CB0 /* Project object */ = {
			isa = PBXProject;
			attributes = {
				LastSwiftUpdateCheck = 0720;
				LastUpgradeCheck = 0720;
				ORGANIZATIONNAME = hacktech;
				TargetAttributes = {
					D309E28C1C1EB0ED00596CB0 = {
						CreatedOnToolsVersion = 7.2;
					};
				};
			};
			buildConfigurationList = D309E2881C1EB0ED00596CB0 /* Build configuration list for PBXProject "Hacktech" */;
			compatibilityVersion = "Xcode 3.2";
			developmentRegion = English;
			hasScannedForEncodings = 0;
			knownRegions = (
				en,
				Base,
			);
			mainGroup = D309E2841C1EB0ED00596CB0;
			productRefGroup = D309E28E1C1EB0ED00596CB0 /* Products */;
			projectDirPath = "";
			projectRoot = "";
			targets = (
				D309E28C1C1EB0ED00596CB0 /* Hacktech */,
			);
		};
/* End PBXProject section */

/* Begin PBXResourcesBuildPhase section */
		D309E28B1C1EB0ED00596CB0 /* Resources */ = {
			isa = PBXResourcesBuildPhase;
			buildActionMask = 2147483647;
			files = (
				D31AE1AE1C2A450E00875E8F /* Raleway-SemiBold.ttf in Resources */,
				D31AE1D11C2A463900875E8F /* appointment_reminders.png in Resources */,
				D309E29D1C1EB0EE00596CB0 /* LaunchScreen.storyboard in Resources */,
				D31AE1CE1C2A463900875E8F /* transparent.png in Resources */,
				D31AE1E01C2A492A00875E8F /* location.png in Resources */,
				D31AE1CD1C2A463900875E8F /* orange.png in Resources */,
				D31AE1AF1C2A450E00875E8F /* Raleway-Thin.ttf in Resources */,
				D31AE1D31C2A463900875E8F /* organization.png in Resources */,
				D31AE1A81C2A450E00875E8F /* Raleway-ExtraBold.ttf in Resources */,
				D309E29A1C1EB0EE00596CB0 /* Assets.xcassets in Resources */,
				D31AE1AB1C2A450E00875E8F /* Raleway-Light.ttf in Resources */,
				D31AE1CF1C2A463900875E8F /* Hacktech.png in Resources */,
				D31AE1AC1C2A450E00875E8F /* Raleway-Medium.ttf in Resources */,
				D31AE1AA1C2A450E00875E8F /* Raleway-Heavy.ttf in Resources */,
				D31AE1D41C2A463900875E8F /* timer.png in Resources */,
				D31AE1A71C2A450E00875E8F /* Raleway-Bold.ttf in Resources */,
				D31AE1D21C2A463900875E8F /* calendar.png in Resources */,
				D31AE1D01C2A463900875E8F /* logo.png in Resources */,
				D31AE1AD1C2A450E00875E8F /* Raleway-Regular.ttf in Resources */,
				D309E2981C1EB0EE00596CB0 /* Main.storyboard in Resources */,
				D31AE1A91C2A450E00875E8F /* Raleway-ExtraLight.ttf in Resources */,
			);
			runOnlyForDeploymentPostprocessing = 0;
		};
/* End PBXResourcesBuildPhase section */

/* Begin PBXSourcesBuildPhase section */
		D309E2891C1EB0ED00596CB0 /* Sources */ = {
			isa = PBXSourcesBuildPhase;
			buildActionMask = 2147483647;
			files = (
				D309E2951C1EB0ED00596CB0 /* AnnouncementsViewController.swift in Sources */,
				D31AE1E21C2A51AC00875E8F /* Font+MonospacedDigits.swift in Sources */,
				D309E2911C1EB0ED00596CB0 /* AppDelegate.swift in Sources */,
				D33FF81D1C1FB56100015FEC /* ScheduleViewController.swift in Sources */,
				D3D3FB0B1C290D4E00D3A15B /* TabBarController.swift in Sources */,
				D31AE1DE1C2A47EC00875E8F /* MapViewController.swift in Sources */,
				D309E2931C1EB0ED00596CB0 /* CountdownViewController.swift in Sources */,
				D33FF81F1C1FB58700015FEC /* SponsorsViewController.swift in Sources */,
				D3D3FB211C29389B00D3A15B /* KDCircularProgress.swift in Sources */,
			);
			runOnlyForDeploymentPostprocessing = 0;
		};
/* End PBXSourcesBuildPhase section */

/* Begin PBXVariantGroup section */
		D309E2961C1EB0EE00596CB0 /* Main.storyboard */ = {
			isa = PBXVariantGroup;
			children = (
				D309E2971C1EB0EE00596CB0 /* Base */,
			);
			name = Main.storyboard;
			sourceTree = "<group>";
		};
		D309E29B1C1EB0EE00596CB0 /* LaunchScreen.storyboard */ = {
			isa = PBXVariantGroup;
			children = (
				D309E29C1C1EB0EE00596CB0 /* Base */,
			);
			name = LaunchScreen.storyboard;
			sourceTree = "<group>";
		};
/* End PBXVariantGroup section */

/* Begin XCBuildConfiguration section */
		D309E29F1C1EB0EE00596CB0 /* Debug */ = {
			isa = XCBuildConfiguration;
			buildSettings = {
				ALWAYS_SEARCH_USER_PATHS = NO;
				CLANG_CXX_LANGUAGE_STANDARD = "gnu++0x";
				CLANG_CXX_LIBRARY = "libc++";
				CLANG_ENABLE_MODULES = YES;
				CLANG_ENABLE_OBJC_ARC = YES;
				CLANG_WARN_BOOL_CONVERSION = YES;
				CLANG_WARN_CONSTANT_CONVERSION = YES;
				CLANG_WARN_DIRECT_OBJC_ISA_USAGE = YES_ERROR;
				CLANG_WARN_EMPTY_BODY = YES;
				CLANG_WARN_ENUM_CONVERSION = YES;
				CLANG_WARN_INT_CONVERSION = YES;
				CLANG_WARN_OBJC_ROOT_CLASS = YES_ERROR;
				CLANG_WARN_UNREACHABLE_CODE = YES;
				CLANG_WARN__DUPLICATE_METHOD_MATCH = YES;
				"CODE_SIGN_IDENTITY[sdk=iphoneos*]" = "iPhone Developer";
				COPY_PHASE_STRIP = NO;
				DEBUG_INFORMATION_FORMAT = dwarf;
				ENABLE_STRICT_OBJC_MSGSEND = YES;
				ENABLE_TESTABILITY = YES;
				GCC_C_LANGUAGE_STANDARD = gnu99;
				GCC_DYNAMIC_NO_PIC = NO;
				GCC_NO_COMMON_BLOCKS = YES;
				GCC_OPTIMIZATION_LEVEL = 0;
				GCC_PREPROCESSOR_DEFINITIONS = (
					"DEBUG=1",
					"$(inherited)",
				);
				GCC_WARN_64_TO_32_BIT_CONVERSION = YES;
				GCC_WARN_ABOUT_RETURN_TYPE = YES_ERROR;
				GCC_WARN_UNDECLARED_SELECTOR = YES;
				GCC_WARN_UNINITIALIZED_AUTOS = YES_AGGRESSIVE;
				GCC_WARN_UNUSED_FUNCTION = YES;
				GCC_WARN_UNUSED_VARIABLE = YES;
				IPHONEOS_DEPLOYMENT_TARGET = 9.2;
				MTL_ENABLE_DEBUG_INFO = YES;
				ONLY_ACTIVE_ARCH = YES;
				SDKROOT = iphoneos;
				SWIFT_OPTIMIZATION_LEVEL = "-Onone";
				TARGETED_DEVICE_FAMILY = "1,2";
			};
			name = Debug;
		};
		D309E2A01C1EB0EE00596CB0 /* Release */ = {
			isa = XCBuildConfiguration;
			buildSettings = {
				ALWAYS_SEARCH_USER_PATHS = NO;
				CLANG_CXX_LANGUAGE_STANDARD = "gnu++0x";
				CLANG_CXX_LIBRARY = "libc++";
				CLANG_ENABLE_MODULES = YES;
				CLANG_ENABLE_OBJC_ARC = YES;
				CLANG_WARN_BOOL_CONVERSION = YES;
				CLANG_WARN_CONSTANT_CONVERSION = YES;
				CLANG_WARN_DIRECT_OBJC_ISA_USAGE = YES_ERROR;
				CLANG_WARN_EMPTY_BODY = YES;
				CLANG_WARN_ENUM_CONVERSION = YES;
				CLANG_WARN_INT_CONVERSION = YES;
				CLANG_WARN_OBJC_ROOT_CLASS = YES_ERROR;
				CLANG_WARN_UNREACHABLE_CODE = YES;
				CLANG_WARN__DUPLICATE_METHOD_MATCH = YES;
				"CODE_SIGN_IDENTITY[sdk=iphoneos*]" = "iPhone Developer";
				COPY_PHASE_STRIP = NO;
				DEBUG_INFORMATION_FORMAT = "dwarf-with-dsym";
				ENABLE_NS_ASSERTIONS = NO;
				ENABLE_STRICT_OBJC_MSGSEND = YES;
				GCC_C_LANGUAGE_STANDARD = gnu99;
				GCC_NO_COMMON_BLOCKS = YES;
				GCC_WARN_64_TO_32_BIT_CONVERSION = YES;
				GCC_WARN_ABOUT_RETURN_TYPE = YES_ERROR;
				GCC_WARN_UNDECLARED_SELECTOR = YES;
				GCC_WARN_UNINITIALIZED_AUTOS = YES_AGGRESSIVE;
				GCC_WARN_UNUSED_FUNCTION = YES;
				GCC_WARN_UNUSED_VARIABLE = YES;
				IPHONEOS_DEPLOYMENT_TARGET = 9.2;
				MTL_ENABLE_DEBUG_INFO = NO;
				SDKROOT = iphoneos;
				TARGETED_DEVICE_FAMILY = "1,2";
				VALIDATE_PRODUCT = YES;
			};
			name = Release;
		};
		D309E2A21C1EB0EE00596CB0 /* Debug */ = {
			isa = XCBuildConfiguration;
			buildSettings = {
				ASSETCATALOG_COMPILER_APPICON_NAME = AppIcon;
				FRAMEWORK_SEARCH_PATHS = (
					"$(inherited)",
					"$(PROJECT_DIR)/Hacktech",
					"$(PROJECT_DIR)/SDKs",
					"$(PROJECT_DIR)/SDK:Libs",
				);
				INFOPLIST_FILE = Hacktech/Info.plist;
				LD_RUNPATH_SEARCH_PATHS = "$(inherited) @executable_path/Frameworks";
				PRODUCT_BUNDLE_IDENTIFIER = com.hacktech.Hacktech;
				PRODUCT_NAME = "$(TARGET_NAME)";
			};
			name = Debug;
		};
		D309E2A31C1EB0EE00596CB0 /* Release */ = {
			isa = XCBuildConfiguration;
			buildSettings = {
				ASSETCATALOG_COMPILER_APPICON_NAME = AppIcon;
				FRAMEWORK_SEARCH_PATHS = (
					"$(inherited)",
					"$(PROJECT_DIR)/Hacktech",
					"$(PROJECT_DIR)/SDKs",
					"$(PROJECT_DIR)/SDK:Libs",
				);
				INFOPLIST_FILE = Hacktech/Info.plist;
				LD_RUNPATH_SEARCH_PATHS = "$(inherited) @executable_path/Frameworks";
				PRODUCT_BUNDLE_IDENTIFIER = com.hacktech.Hacktech;
				PRODUCT_NAME = "$(TARGET_NAME)";
			};
			name = Release;
		};
/* End XCBuildConfiguration section */

/* Begin XCConfigurationList section */
		D309E2881C1EB0ED00596CB0 /* Build configuration list for PBXProject "Hacktech" */ = {
			isa = XCConfigurationList;
			buildConfigurations = (
				D309E29F1C1EB0EE00596CB0 /* Debug */,
				D309E2A01C1EB0EE00596CB0 /* Release */,
			);
			defaultConfigurationIsVisible = 0;
			defaultConfigurationName = Release;
		};
		D309E2A11C1EB0EE00596CB0 /* Build configuration list for PBXNativeTarget "Hacktech" */ = {
			isa = XCConfigurationList;
			buildConfigurations = (
				D309E2A21C1EB0EE00596CB0 /* Debug */,
				D309E2A31C1EB0EE00596CB0 /* Release */,
			);
			defaultConfigurationIsVisible = 0;
			defaultConfigurationName = Release;
		};
/* End XCConfigurationList section */
	};
	rootObject = D309E2851C1EB0ED00596CB0 /* Project object */;
}
